<?xml version="1.0" encoding="utf-8"?>
<Project ToolsVersion="4.0" xmlns="http://schemas.microsoft.com/developer/msbuild/2003">
  <ItemGroup>
    <ClCompile Include="cApp.cpp">
      <Filter>Source Files</Filter>
    </ClCompile>
    <ClCompile Include="cMain.cpp">
      <Filter>Source Files</Filter>
    </ClCompile>
    <ClCompile Include="ShannonFano.cpp">
      <Filter>Source Files</Filter>
    </ClCompile>
  </ItemGroup>
  <ItemGroup>
    <ClInclude Include="cApp.h">
      <Filter>Header Files</Filter>
    </ClInclude>
    <ClInclude Include="cMain.h">
      <Filter>Header Files</Filter>
    </ClInclude>
    <ClInclude Include="ShannonFano.h">
      <Filter>Header Files</Filter>
    </ClInclude>
  </ItemGroup>
  <ItemGroup>
    <Filter Include="Header Files">
      <UniqueIdentifier>{358df7fe-53f5-4ae0-81d1-97c77b848b12}</UniqueIdentifier>
    </Filter>
    <Filter Include="Source Files">
      <UniqueIdentifier>{693cd59e-dc22-43f3-bcdc-6f2e6d435e90}</UniqueIdentifier>
    </Filter>
    <Filter Include="Resource Files">
      <UniqueIdentifier>{ec31c03b-ac15-4619-a10e-232c6adf54cd}</UniqueIdentifier>
    </Filter>
  </ItemGroup>
  <ItemGroup>
    <None Include="sun.xpm">
      <Filter>Resource Files</Filter>
    </None>
  </ItemGroup>
</Project>